// !$*UTF8*$!
{
	archiveVersion = 1;
	classes = {
	};
	objectVersion = 46;
	objects = {

/* Begin PBXBuildFile section */
		4729F9AE1F51B3770005EEE7 /* displayViewController.swift in Sources */ = {isa = PBXBuildFile; fileRef = 4729F9AD1F51B3770005EEE7 /* displayViewController.swift */; };
		4729F9B01F51B3850005EEE7 /* textFiledViewController.swift in Sources */ = {isa = PBXBuildFile; fileRef = 4729F9AF1F51B3850005EEE7 /* textFiledViewController.swift */; };
		47FEC5121F501B3700EFCD98 /* AppDelegate.swift in Sources */ = {isa = PBXBuildFile; fileRef = 47FEC5111F501B3700EFCD98 /* AppDelegate.swift */; };
		47FEC5141F501B3700EFCD98 /* ViewController.swift in Sources */ = {isa = PBXBuildFile; fileRef = 47FEC5131F501B3700EFCD98 /* ViewController.swift */; };
		47FEC5171F501B3700EFCD98 /* Main.storyboard in Resources */ = {isa = PBXBuildFile; fileRef = 47FEC5151F501B3700EFCD98 /* Main.storyboard */; };
		47FEC5191F501B3700EFCD98 /* Assets.xcassets in Resources */ = {isa = PBXBuildFile; fileRef = 47FEC5181F501B3700EFCD98 /* Assets.xcassets */; };
		47FEC51C1F501B3700EFCD98 /* LaunchScreen.storyboard in Resources */ = {isa = PBXBuildFile; fileRef = 47FEC51A1F501B3700EFCD98 /* LaunchScreen.storyboard */; };
/* End PBXBuildFile section */

/* Begin PBXFileReference section */
		4729F9AD1F51B3770005EEE7 /* displayViewController.swift */ = {isa = PBXFileReference; fileEncoding = 4; lastKnownFileType = sourcecode.swift; path = displayViewController.swift; sourceTree = "<group>"; };
		4729F9AF1F51B3850005EEE7 /* textFiledViewController.swift */ = {isa = PBXFileReference; fileEncoding = 4; lastKnownFileType = sourcecode.swift; path = textFiledViewController.swift; sourceTree = "<group>"; };
		47FEC50E1F501B3700EFCD98 /* leakDemo.app */ = {isa = PBXFileReference; explicitFileType = wrapper.application; includeInIndex = 0; path = leakDemo.app; sourceTree = BUILT_PRODUCTS_DIR; };
		47FEC5111F501B3700EFCD98 /* AppDelegate.swift */ = {isa = PBXFileReference; lastKnownFileType = sourcecode.swift; path = AppDelegate.swift; sourceTree = "<group>"; };
		47FEC5131F501B3700EFCD98 /* ViewController.swift */ = {isa = PBXFileReference; lastKnownFileType = sourcecode.swift; path = ViewController.swift; sourceTree = "<group>"; };
		47FEC5161F501B3700EFCD98 /* Base */ = {isa = PBXFileReference; lastKnownFileType = file.storyboard; name = Base; path = Base.lproj/Main.storyboard; sourceTree = "<group>"; };
		47FEC5181F501B3700EFCD98 /* Assets.xcassets */ = {isa = PBXFileReference; lastKnownFileType = folder.assetcatalog; path = Assets.xcassets; sourceTree = "<group>"; };
		47FEC51B1F501B3700EFCD98 /* Base */ = {isa = PBXFileReference; lastKnownFileType = file.storyboard; name = Base; path = Base.lproj/LaunchScreen.storyboard; sourceTree = "<group>"; };
		47FEC51D1F501B3700EFCD98 /* Info.plist */ = {isa = PBXFileReference; lastKnownFileType = text.plist.xml; path = Info.plist; sourceTree = "<group>"; };
/* End PBXFileReference section */

/* Begin PBXFrameworksBuildPhase section */
		47FEC50B1F501B3700EFCD98 /* Frameworks */ = {
			isa = PBXFrameworksBuildPhase;
			buildActionMask = 2147483647;
			files = (
			);
			runOnlyForDeploymentPostprocessing = 0;
		};
/* End PBXFrameworksBuildPhase section */

/* Begin PBXGroup section */
		47FEC5051F501B3600EFCD98 = {
			isa = PBXGroup;
			children = (
				47FEC5101F501B3700EFCD98 /* leakDemo */,
				47FEC50F1F501B3700EFCD98 /* Products */,
			);
			sourceTree = "<group>";
		};
		47FEC50F1F501B3700EFCD98 /* Products */ = {
			isa = PBXGroup;
			children = (
				47FEC50E1F501B3700EFCD98 /* leakDemo.app */,
			);
			name = Products;
			sourceTree = "<group>";
		};
		47FEC5101F501B3700EFCD98 /* leakDemo */ = {
			isa = PBXGroup;
			children = (
				47FEC5111F501B3700EFCD98 /* AppDelegate.swift */,
				47FEC5131F501B3700EFCD98 /* ViewController.swift */,
				4729F9AD1F51B3770005EEE7 /* displayViewController.swift */,
				4729F9AF1F51B3850005EEE7 /* textFiledViewController.swift */,
				47FEC5151F501B3700EFCD98 /* Main.storyboard */,
				47FEC5181F501B3700EFCD98 /* Assets.xcassets */,
				47FEC51A1F501B3700EFCD98 /* LaunchScreen.storyboard */,
				47FEC51D1F501B3700EFCD98 /* Info.plist */,
			);
			path = leakDemo;
			sourceTree = "<group>";
		};
/* End PBXGroup section */

/* Begin PBXNativeTarget section */
		47FEC50D1F501B3700EFCD98 /* leakDemo */ = {
			isa = PBXNativeTarget;
			buildConfigurationList = 47FEC5201F501B3700EFCD98 /* Build configuration list for PBXNativeTarget "leakDemo" */;
			buildPhases = (
				47FEC50A1F501B3700EFCD98 /* Sources */,
				47FEC50B1F501B3700EFCD98 /* Frameworks */,
				47FEC50C1F501B3700EFCD98 /* Resources */,
			);
			buildRules = (
			);
			dependencies = (
			);
			name = leakDemo;
			productName = leakDemo;
			productReference = 47FEC50E1F501B3700EFCD98 /* leakDemo.app */;
			productType = "com.apple.product-type.application";
		};
/* End PBXNativeTarget section */

/* Begin PBXProject section */
		47FEC5061F501B3600EFCD98 /* Project object */ = {
			isa = PBXProject;
			attributes = {
				LastSwiftUpdateCheck = 0830;
				LastUpgradeCheck = 0830;
				ORGANIZATIONNAME = dist;
				TargetAttributes = {
					47FEC50D1F501B3700EFCD98 = {
						CreatedOnToolsVersion = 8.3.3;
						DevelopmentTeam = 5KYK822GK9;
						ProvisioningStyle = Automatic;
					};
				};
			};
			buildConfigurationList = 47FEC5091F501B3600EFCD98 /* Build configuration list for PBXProject "leakDemo" */;
			compatibilityVersion = "Xcode 3.2";
			developmentRegion = English;
			hasScannedForEncodings = 0;
			knownRegions = (
				en,
				Base,
			);
			mainGroup = 47FEC5051F501B3600EFCD98;
			productRefGroup = 47FEC50F1F501B3700EFCD98 /* Products */;
			projectDirPath = "";
			projectRoot = "";
			targets = (
				47FEC50D1F501B3700EFCD98 /* leakDemo */,
			);
		};
/* End PBXProject section */

/* Begin PBXResourcesBuildPhase section */
		47FEC50C1F501B3700EFCD98 /* Resources */ = {
			isa = PBXResourcesBuildPhase;
			buildActionMask = 2147483647;
			files = (
				47FEC51C1F501B3700EFCD98 /* LaunchScreen.storyboard in Resources */,
				47FEC5191F501B3700EFCD98 /* Assets.xcassets in Resources */,
				47FEC5171F501B3700EFCD98 /* Main.storyboard in Resources */,
			);
			runOnlyForDeploymentPostprocessing = 0;
		};
/* End PBXResourcesBuildPhase section */

/* Begin PBXSourcesBuildPhase section */
		47FEC50A1F501B3700EFCD98 /* Sources */ = {
			isa = PBXSourcesBuildPhase;
			buildActionMask = 2147483647;
			files = (
				47FEC5141F501B3700EFCD98 /* ViewController.swift in Sources */,
				4729F9AE1F51B3770005EEE7 /* displayViewController.swift in Sources */,
				47FEC5121F501B3700EFCD98 /* AppDelegate.swift in Sources */,
				4729F9B01F51B3850005EEE7 /* textFiledViewController.swift in Sources */,
			);
			runOnlyForDeploymentPostprocessing = 0;
		};
/* End PBXSourcesBuildPhase section */

/* Begin PBXVariantGroup section */
		47FEC5151F501B3700EFCD98 /* Main.storyboard */ = {
			isa = PBXVariantGroup;
			children = (
				47FEC5161F501B3700EFCD98 /* Base */,
			);
			name = Main.storyboard;
			sourceTree = "<group>";
		};
		47FEC51A1F501B3700EFCD98 /* LaunchScreen.storyboard */ = {
			isa = PBXVariantGroup;
			children = (
				47FEC51B1F501B3700EFCD98 /* Base */,
			);
			name = LaunchScreen.storyboard;
			sourceTree = "<group>";
		};
/* End PBXVariantGroup section */

/* Begin XCBuildConfiguration section */
		47FEC51E1F501B3700EFCD98 /* Debug */ = {
			isa = XCBuildConfiguration;
			buildSettings = {
				ALWAYS_SEARCH_USER_PATHS = NO;
				CLANG_ANALYZER_NONNULL = YES;
				CLANG_ANALYZER_NUMBER_OBJECT_CONVERSION = YES_AGGRESSIVE;
				CLANG_CXX_LANGUAGE_STANDARD = "gnu++0x";
				CLANG_CXX_LIBRARY = "libc++";
				CLANG_ENABLE_MODULES = YES;
				CLANG_ENABLE_OBJC_ARC = YES;
				CLANG_WARN_BOOL_CONVERSION = YES;
				CLANG_WARN_CONSTANT_CONVERSION = YES;
				CLANG_WARN_DIRECT_OBJC_ISA_USAGE = YES_ERROR;
				CLANG_WARN_DOCUMENTATION_COMMENTS = YES;
				CLANG_WARN_EMPTY_BODY = YES;
				CLANG_WARN_ENUM_CONVERSION = YES;
				CLANG_WARN_INFINITE_RECURSION = YES;
				CLANG_WARN_INT_CONVERSION = YES;
				CLANG_WARN_OBJC_ROOT_CLASS = YES_ERROR;
				CLANG_WARN_SUSPICIOUS_MOVE = YES;
				CLANG_WARN_UNREACHABLE_CODE = YES;
				CLANG_WARN__DUPLICATE_METHOD_MATCH = YES;
				"CODE_SIGN_IDENTITY[sdk=iphoneos*]" = "iPhone Developer";
				COPY_PHASE_STRIP = NO;
				DEBUG_INFORMATION_FORMAT = dwarf;
				ENABLE_STRICT_OBJC_MSGSEND = YES;
				ENABLE_TESTABILITY = YES;
				GCC_C_LANGUAGE_STANDARD = gnu99;
				GCC_DYNAMIC_NO_PIC = NO;
				GCC_NO_COMMON_BLOCKS = YES;
				GCC_OPTIMIZATION_LEVEL = 0;
				GCC_PREPROCESSOR_DEFINITIONS = (
					"DEBUG=1",
					"$(inherited)",
				);
				GCC_WARN_64_TO_32_BIT_CONVERSION = YES;
				GCC_WARN_ABOUT_RETURN_TYPE = YES_ERROR;
				GCC_WARN_UNDECLARED_SELECTOR = YES;
				GCC_WARN_UNINITIALIZED_AUTOS = YES_AGGRESSIVE;
				GCC_WARN_UNUSED_FUNCTION = YES;
				GCC_WARN_UNUSED_VARIABLE = YES;
				IPHONEOS_DEPLOYMENT_TARGET = 10.3;
				MTL_ENABLE_DEBUG_INFO = YES;
				ONLY_ACTIVE_ARCH = YES;
				SDKROOT = iphoneos;
				SWIFT_ACTIVE_COMPILATION_CONDITIONS = DEBUG;
				SWIFT_OPTIMIZATION_LEVEL = "-Onone";
			};
			name = Debug;
		};
		47FEC51F1F501B3700EFCD98 /* Release */ = {
			isa = XCBuildConfiguration;
			buildSettings = {
				ALWAYS_SEARCH_USER_PATHS = NO;
				CLANG_ANALYZER_NONNULL = YES;
				CLANG_ANALYZER_NUMBER_OBJECT_CONVERSION = YES_AGGRESSIVE;
				CLANG_CXX_LANGUAGE_STANDARD = "gnu++0x";
				CLANG_CXX_LIBRARY = "libc++";
				CLANG_ENABLE_MODULES = YES;
				CLANG_ENABLE_OBJC_ARC = YES;
				CLANG_WARN_BOOL_CONVERSION = YES;
				CLANG_WARN_CONSTANT_CONVERSION = YES;
				CLANG_WARN_DIRECT_OBJC_ISA_USAGE = YES_ERROR;
				CLANG_WARN_DOCUMENTATION_COMMENTS = YES;
				CLANG_WARN_EMPTY_BODY = YES;
				CLANG_WARN_ENUM_CONVERSION = YES;
				CLANG_WARN_INFINITE_RECURSION = YES;
				CLANG_WARN_INT_CONVERSION = YES;
				CLANG_WARN_OBJC_ROOT_CLASS = YES_ERROR;
				CLANG_WARN_SUSPICIOUS_MOVE = YES;
				CLANG_WARN_UNREACHABLE_CODE = YES;
				CLANG_WARN__DUPLICATE_METHOD_MATCH = YES;
				"CODE_SIGN_IDENTITY[sdk=iphoneos*]" = "iPhone Developer";
				COPY_PHASE_STRIP = NO;
				DEBUG_INFORMATION_FORMAT = "dwarf-with-dsym";
				ENABLE_NS_ASSERTIONS = NO;
				ENABLE_STRICT_OBJC_MSGSEND = YES;
				GCC_C_LANGUAGE_STANDARD = gnu99;
				GCC_NO_COMMON_BLOCKS = YES;
				GCC_WARN_64_TO_32_BIT_CONVERSION = YES;
				GCC_WARN_ABOUT_RETURN_TYPE = YES_ERROR;
				GCC_WARN_UNDECLARED_SELECTOR = YES;
				GCC_WARN_UNINITIALIZED_AUTOS = YES_AGGRESSIVE;
				GCC_WARN_UNUSED_FUNCTION = YES;
				GCC_WARN_UNUSED_VARIABLE = YES;
				IPHONEOS_DEPLOYMENT_TARGET = 10.3;
				MTL_ENABLE_DEBUG_INFO = NO;
				SDKROOT = iphoneos;
				SWIFT_OPTIMIZATION_LEVEL = "-Owholemodule";
				VALIDATE_PRODUCT = YES;
			};
			name = Release;
		};
		47FEC5211F501B3700EFCD98 /* Debug */ = {
			isa = XCBuildConfiguration;
			buildSettings = {
				ASSETCATALOG_COMPILER_APPICON_NAME = AppIcon;
				DEVELOPMENT_TEAM = 5KYK822GK9;
				INFOPLIST_FILE = leakDemo/Info.plist;
				LD_RUNPATH_SEARCH_PATHS = "$(inherited) @executable_path/Frameworks";
				PRODUCT_BUNDLE_IDENTIFIER = com.dist.leakDemo;
				PRODUCT_NAME = "$(TARGET_NAME)";
				SWIFT_VERSION = 3.0;
			};
			name = Debug;
		};
		47FEC5221F501B3700EFCD98 /* Release */ = {
			isa = XCBuildConfiguration;
			buildSettings = {
				ASSETCATALOG_COMPILER_APPICON_NAME = AppIcon;
				DEVELOPMENT_TEAM = 5KYK822GK9;
				INFOPLIST_FILE = leakDemo/Info.plist;
				LD_RUNPATH_SEARCH_PATHS = "$(inherited) @executable_path/Frameworks";
				PRODUCT_BUNDLE_IDENTIFIER = com.dist.leakDemo;
				PRODUCT_NAME = "$(TARGET_NAME)";
				SWIFT_VERSION = 3.0;
			};
			name = Release;
		};
/* End XCBuildConfiguration section */

/* Begin XCConfigurationList section */
		47FEC5091F501B3600EFCD98 /* Build configuration list for PBXProject "leakDemo" */ = {
			isa = XCConfigurationList;
			buildConfigurations = (
				47FEC51E1F501B3700EFCD98 /* Debug */,
				47FEC51F1F501B3700EFCD98 /* Release */,
			);
			defaultConfigurationIsVisible = 0;
			defaultConfigurationName = Release;
		};
		47FEC5201F501B3700EFCD98 /* Build configuration list for PBXNativeTarget "leakDemo" */ = {
			isa = XCConfigurationList;
			buildConfigurations = (
				47FEC5211F501B3700EFCD98 /* Debug */,
				47FEC5221F501B3700EFCD98 /* Release */,
			);
			defaultConfigurationIsVisible = 0;
			defaultConfigurationName = Release;
		};
/* End XCConfigurationList section */
	};
	rootObject = 47FEC5061F501B3600EFCD98 /* Project object */;
}
